// !$*UTF8*$!
{
	archiveVersion = 1;
	classes = {
	};
	objectVersion = 50;
	objects = {

/* Begin PBXBuildFile section */
		A1F9B10725C380F200E21DE4 /* BitriseTestApp.swift in Sources */ = {isa = PBXBuildFile; fileRef = A1F9B10625C380F200E21DE4 /* BitriseTestApp.swift */; };
		A1F9B10925C380F200E21DE4 /* ContentView.swift in Sources */ = {isa = PBXBuildFile; fileRef = A1F9B10825C380F200E21DE4 /* ContentView.swift */; };
		A1F9B10B25C380F400E21DE4 /* Assets.xcassets in Resources */ = {isa = PBXBuildFile; fileRef = A1F9B10A25C380F400E21DE4 /* Assets.xcassets */; };
		A1F9B10E25C380F400E21DE4 /* Preview Assets.xcassets in Resources */ = {isa = PBXBuildFile; fileRef = A1F9B10D25C380F400E21DE4 /* Preview Assets.xcassets */; };
		A1F9B11925C380F500E21DE4 /* BitriseTestTests.swift in Sources */ = {isa = PBXBuildFile; fileRef = A1F9B11825C380F500E21DE4 /* BitriseTestTests.swift */; };
		A1F9B12425C380F500E21DE4 /* BitriseTestUITests.swift in Sources */ = {isa = PBXBuildFile; fileRef = A1F9B12325C380F500E21DE4 /* BitriseTestUITests.swift */; };
/* End PBXBuildFile section */

/* Begin PBXContainerItemProxy section */
		A1F9B11525C380F500E21DE4 /* PBXContainerItemProxy */ = {
			isa = PBXContainerItemProxy;
			containerPortal = A1F9B0FB25C380F200E21DE4 /* Project object */;
			proxyType = 1;
			remoteGlobalIDString = A1F9B10225C380F200E21DE4;
			remoteInfo = BitriseTest;
		};
		A1F9B12025C380F500E21DE4 /* PBXContainerItemProxy */ = {
			isa = PBXContainerItemProxy;
			containerPortal = A1F9B0FB25C380F200E21DE4 /* Project object */;
			proxyType = 1;
			remoteGlobalIDString = A1F9B10225C380F200E21DE4;
			remoteInfo = BitriseTest;
		};
/* End PBXContainerItemProxy section */

/* Begin PBXFileReference section */
		A1F9B10325C380F200E21DE4 /* BitriseTest.app */ = {isa = PBXFileReference; explicitFileType = wrapper.application; includeInIndex = 0; path = BitriseTest.app; sourceTree = BUILT_PRODUCTS_DIR; };
		A1F9B10625C380F200E21DE4 /* BitriseTestApp.swift */ = {isa = PBXFileReference; lastKnownFileType = sourcecode.swift; path = BitriseTestApp.swift; sourceTree = "<group>"; };
		A1F9B10825C380F200E21DE4 /* ContentView.swift */ = {isa = PBXFileReference; lastKnownFileType = sourcecode.swift; path = ContentView.swift; sourceTree = "<group>"; };
		A1F9B10A25C380F400E21DE4 /* Assets.xcassets */ = {isa = PBXFileReference; lastKnownFileType = folder.assetcatalog; path = Assets.xcassets; sourceTree = "<group>"; };
		A1F9B10D25C380F400E21DE4 /* Preview Assets.xcassets */ = {isa = PBXFileReference; lastKnownFileType = folder.assetcatalog; path = "Preview Assets.xcassets"; sourceTree = "<group>"; };
		A1F9B10F25C380F400E21DE4 /* Info.plist */ = {isa = PBXFileReference; lastKnownFileType = text.plist.xml; path = Info.plist; sourceTree = "<group>"; };
		A1F9B11425C380F500E21DE4 /* BitriseTestTests.xctest */ = {isa = PBXFileReference; explicitFileType = wrapper.cfbundle; includeInIndex = 0; path = BitriseTestTests.xctest; sourceTree = BUILT_PRODUCTS_DIR; };
		A1F9B11825C380F500E21DE4 /* BitriseTestTests.swift */ = {isa = PBXFileReference; lastKnownFileType = sourcecode.swift; path = BitriseTestTests.swift; sourceTree = "<group>"; };
		A1F9B11A25C380F500E21DE4 /* Info.plist */ = {isa = PBXFileReference; lastKnownFileType = text.plist.xml; path = Info.plist; sourceTree = "<group>"; };
		A1F9B11F25C380F500E21DE4 /* BitriseTestUITests.xctest */ = {isa = PBXFileReference; explicitFileType = wrapper.cfbundle; includeInIndex = 0; path = BitriseTestUITests.xctest; sourceTree = BUILT_PRODUCTS_DIR; };
		A1F9B12325C380F500E21DE4 /* BitriseTestUITests.swift */ = {isa = PBXFileReference; lastKnownFileType = sourcecode.swift; path = BitriseTestUITests.swift; sourceTree = "<group>"; };
		A1F9B12525C380F500E21DE4 /* Info.plist */ = {isa = PBXFileReference; lastKnownFileType = text.plist.xml; path = Info.plist; sourceTree = "<group>"; };
/* End PBXFileReference section */

/* Begin PBXFrameworksBuildPhase section */
		A1F9B10025C380F200E21DE4 /* Frameworks */ = {
			isa = PBXFrameworksBuildPhase;
			buildActionMask = 2147483647;
			files = (
			);
			runOnlyForDeploymentPostprocessing = 0;
		};
		A1F9B11125C380F500E21DE4 /* Frameworks */ = {
			isa = PBXFrameworksBuildPhase;
			buildActionMask = 2147483647;
			files = (
			);
			runOnlyForDeploymentPostprocessing = 0;
		};
		A1F9B11C25C380F500E21DE4 /* Frameworks */ = {
			isa = PBXFrameworksBuildPhase;
			buildActionMask = 2147483647;
			files = (
			);
			runOnlyForDeploymentPostprocessing = 0;
		};
/* End PBXFrameworksBuildPhase section */

/* Begin PBXGroup section */
		A1F9B0FA25C380F200E21DE4 = {
			isa = PBXGroup;
			children = (
				A1F9B10525C380F200E21DE4 /* BitriseTest */,
				A1F9B11725C380F500E21DE4 /* BitriseTestTests */,
				A1F9B12225C380F500E21DE4 /* BitriseTestUITests */,
				A1F9B10425C380F200E21DE4 /* Products */,
			);
			sourceTree = "<group>";
		};
		A1F9B10425C380F200E21DE4 /* Products */ = {
			isa = PBXGroup;
			children = (
				A1F9B10325C380F200E21DE4 /* BitriseTest.app */,
				A1F9B11425C380F500E21DE4 /* BitriseTestTests.xctest */,
				A1F9B11F25C380F500E21DE4 /* BitriseTestUITests.xctest */,
			);
			name = Products;
			sourceTree = "<group>";
		};
		A1F9B10525C380F200E21DE4 /* BitriseTest */ = {
			isa = PBXGroup;
			children = (
				A1F9B10625C380F200E21DE4 /* BitriseTestApp.swift */,
				A1F9B10825C380F200E21DE4 /* ContentView.swift */,
				A1F9B10A25C380F400E21DE4 /* Assets.xcassets */,
				A1F9B10F25C380F400E21DE4 /* Info.plist */,
				A1F9B10C25C380F400E21DE4 /* Preview Content */,
			);
			path = BitriseTest;
			sourceTree = "<group>";
		};
		A1F9B10C25C380F400E21DE4 /* Preview Content */ = {
			isa = PBXGroup;
			children = (
				A1F9B10D25C380F400E21DE4 /* Preview Assets.xcassets */,
			);
			path = "Preview Content";
			sourceTree = "<group>";
		};
		A1F9B11725C380F500E21DE4 /* BitriseTestTests */ = {
			isa = PBXGroup;
			children = (
				A1F9B11825C380F500E21DE4 /* BitriseTestTests.swift */,
				A1F9B11A25C380F500E21DE4 /* Info.plist */,
			);
			path = BitriseTestTests;
			sourceTree = "<group>";
		};
		A1F9B12225C380F500E21DE4 /* BitriseTestUITests */ = {
			isa = PBXGroup;
			children = (
				A1F9B12325C380F500E21DE4 /* BitriseTestUITests.swift */,
				A1F9B12525C380F500E21DE4 /* Info.plist */,
			);
			path = BitriseTestUITests;
			sourceTree = "<group>";
		};
/* End PBXGroup section */

/* Begin PBXNativeTarget section */
		A1F9B10225C380F200E21DE4 /* BitriseTest */ = {
			isa = PBXNativeTarget;
			buildConfigurationList = A1F9B12825C380F500E21DE4 /* Build configuration list for PBXNativeTarget "BitriseTest" */;
			buildPhases = (
				A1F9B0FF25C380F200E21DE4 /* Sources */,
				A1F9B10025C380F200E21DE4 /* Frameworks */,
				A1F9B10125C380F200E21DE4 /* Resources */,
			);
			buildRules = (
			);
			dependencies = (
			);
			name = BitriseTest;
			productName = BitriseTest;
			productReference = A1F9B10325C380F200E21DE4 /* BitriseTest.app */;
			productType = "com.apple.product-type.application";
		};
		A1F9B11325C380F500E21DE4 /* BitriseTestTests */ = {
			isa = PBXNativeTarget;
			buildConfigurationList = A1F9B12B25C380F500E21DE4 /* Build configuration list for PBXNativeTarget "BitriseTestTests" */;
			buildPhases = (
				A1F9B11025C380F500E21DE4 /* Sources */,
				A1F9B11125C380F500E21DE4 /* Frameworks */,
				A1F9B11225C380F500E21DE4 /* Resources */,
			);
			buildRules = (
			);
			dependencies = (
				A1F9B11625C380F500E21DE4 /* PBXTargetDependency */,
			);
			name = BitriseTestTests;
			productName = BitriseTestTests;
			productReference = A1F9B11425C380F500E21DE4 /* BitriseTestTests.xctest */;
			productType = "com.apple.product-type.bundle.unit-test";
		};
		A1F9B11E25C380F500E21DE4 /* BitriseTestUITests */ = {
			isa = PBXNativeTarget;
			buildConfigurationList = A1F9B12E25C380F500E21DE4 /* Build configuration list for PBXNativeTarget "BitriseTestUITests" */;
			buildPhases = (
				A1F9B11B25C380F500E21DE4 /* Sources */,
				A1F9B11C25C380F500E21DE4 /* Frameworks */,
				A1F9B11D25C380F500E21DE4 /* Resources */,
			);
			buildRules = (
			);
			dependencies = (
				A1F9B12125C380F500E21DE4 /* PBXTargetDependency */,
			);
			name = BitriseTestUITests;
			productName = BitriseTestUITests;
			productReference = A1F9B11F25C380F500E21DE4 /* BitriseTestUITests.xctest */;
			productType = "com.apple.product-type.bundle.ui-testing";
		};
/* End PBXNativeTarget section */

/* Begin PBXProject section */
		A1F9B0FB25C380F200E21DE4 /* Project object */ = {
			isa = PBXProject;
			attributes = {
				LastSwiftUpdateCheck = 1230;
				LastUpgradeCheck = 1230;
				TargetAttributes = {
					A1F9B10225C380F200E21DE4 = {
						CreatedOnToolsVersion = 12.3;
					};
					A1F9B11325C380F500E21DE4 = {
						CreatedOnToolsVersion = 12.3;
						TestTargetID = A1F9B10225C380F200E21DE4;
					};
					A1F9B11E25C380F500E21DE4 = {
						CreatedOnToolsVersion = 12.3;
						TestTargetID = A1F9B10225C380F200E21DE4;
					};
				};
			};
			buildConfigurationList = A1F9B0FE25C380F200E21DE4 /* Build configuration list for PBXProject "BitriseTest" */;
			compatibilityVersion = "Xcode 9.3";
			developmentRegion = en;
			hasScannedForEncodings = 0;
			knownRegions = (
				en,
				Base,
			);
			mainGroup = A1F9B0FA25C380F200E21DE4;
			productRefGroup = A1F9B10425C380F200E21DE4 /* Products */;
			projectDirPath = "";
			projectRoot = "";
			targets = (
				A1F9B10225C380F200E21DE4 /* BitriseTest */,
				A1F9B11325C380F500E21DE4 /* BitriseTestTests */,
				A1F9B11E25C380F500E21DE4 /* BitriseTestUITests */,
			);
		};
/* End PBXProject section */

/* Begin PBXResourcesBuildPhase section */
		A1F9B10125C380F200E21DE4 /* Resources */ = {
			isa = PBXResourcesBuildPhase;
			buildActionMask = 2147483647;
			files = (
				A1F9B10E25C380F400E21DE4 /* Preview Assets.xcassets in Resources */,
				A1F9B10B25C380F400E21DE4 /* Assets.xcassets in Resources */,
			);
			runOnlyForDeploymentPostprocessing = 0;
		};
		A1F9B11225C380F500E21DE4 /* Resources */ = {
			isa = PBXResourcesBuildPhase;
			buildActionMask = 2147483647;
			files = (
			);
			runOnlyForDeploymentPostprocessing = 0;
		};
		A1F9B11D25C380F500E21DE4 /* Resources */ = {
			isa = PBXResourcesBuildPhase;
			buildActionMask = 2147483647;
			files = (
			);
			runOnlyForDeploymentPostprocessing = 0;
		};
/* End PBXResourcesBuildPhase section */

/* Begin PBXSourcesBuildPhase section */
		A1F9B0FF25C380F200E21DE4 /* Sources */ = {
			isa = PBXSourcesBuildPhase;
			buildActionMask = 2147483647;
			files = (
				A1F9B10925C380F200E21DE4 /* ContentView.swift in Sources */,
				A1F9B10725C380F200E21DE4 /* BitriseTestApp.swift in Sources */,
			);
			runOnlyForDeploymentPostprocessing = 0;
		};
		A1F9B11025C380F500E21DE4 /* Sources */ = {
			isa = PBXSourcesBuildPhase;
			buildActionMask = 2147483647;
			files = (
				A1F9B11925C380F500E21DE4 /* BitriseTestTests.swift in Sources */,
			);
			runOnlyForDeploymentPostprocessing = 0;
		};
		A1F9B11B25C380F500E21DE4 /* Sources */ = {
			isa = PBXSourcesBuildPhase;
			buildActionMask = 2147483647;
			files = (
				A1F9B12425C380F500E21DE4 /* BitriseTestUITests.swift in Sources */,
			);
			runOnlyForDeploymentPostprocessing = 0;
		};
/* End PBXSourcesBuildPhase section */

/* Begin PBXTargetDependency section */
		A1F9B11625C380F500E21DE4 /* PBXTargetDependency */ = {
			isa = PBXTargetDependency;
			target = A1F9B10225C380F200E21DE4 /* BitriseTest */;
			targetProxy = A1F9B11525C380F500E21DE4 /* PBXContainerItemProxy */;
		};
		A1F9B12125C380F500E21DE4 /* PBXTargetDependency */ = {
			isa = PBXTargetDependency;
			target = A1F9B10225C380F200E21DE4 /* BitriseTest */;
			targetProxy = A1F9B12025C380F500E21DE4 /* PBXContainerItemProxy */;
		};
/* End PBXTargetDependency section */

/* Begin XCBuildConfiguration section */
		A1F9B12625C380F500E21DE4 /* Debug */ = {
			isa = XCBuildConfiguration;
			buildSettings = {
				ALWAYS_SEARCH_USER_PATHS = NO;
				CLANG_ANALYZER_NONNULL = YES;
				CLANG_ANALYZER_NUMBER_OBJECT_CONVERSION = YES_AGGRESSIVE;
				CLANG_CXX_LANGUAGE_STANDARD = "gnu++14";
				CLANG_CXX_LIBRARY = "libc++";
				CLANG_ENABLE_MODULES = YES;
				CLANG_ENABLE_OBJC_ARC = YES;
				CLANG_ENABLE_OBJC_WEAK = YES;
				CLANG_WARN_BLOCK_CAPTURE_AUTORELEASING = YES;
				CLANG_WARN_BOOL_CONVERSION = YES;
				CLANG_WARN_COMMA = YES;
				CLANG_WARN_CONSTANT_CONVERSION = YES;
				CLANG_WARN_DEPRECATED_OBJC_IMPLEMENTATIONS = YES;
				CLANG_WARN_DIRECT_OBJC_ISA_USAGE = YES_ERROR;
				CLANG_WARN_DOCUMENTATION_COMMENTS = YES;
				CLANG_WARN_EMPTY_BODY = YES;
				CLANG_WARN_ENUM_CONVERSION = YES;
				CLANG_WARN_INFINITE_RECURSION = YES;
				CLANG_WARN_INT_CONVERSION = YES;
				CLANG_WARN_NON_LITERAL_NULL_CONVERSION = YES;
				CLANG_WARN_OBJC_IMPLICIT_RETAIN_SELF = YES;
				CLANG_WARN_OBJC_LITERAL_CONVERSION = YES;
				CLANG_WARN_OBJC_ROOT_CLASS = YES_ERROR;
				CLANG_WARN_QUOTED_INCLUDE_IN_FRAMEWORK_HEADER = YES;
				CLANG_WARN_RANGE_LOOP_ANALYSIS = YES;
				CLANG_WARN_STRICT_PROTOTYPES = YES;
				CLANG_WARN_SUSPICIOUS_MOVE = YES;
				CLANG_WARN_UNGUARDED_AVAILABILITY = YES_AGGRESSIVE;
				CLANG_WARN_UNREACHABLE_CODE = YES;
				CLANG_WARN__DUPLICATE_METHOD_MATCH = YES;
				COPY_PHASE_STRIP = NO;
				DEBUG_INFORMATION_FORMAT = dwarf;
				ENABLE_STRICT_OBJC_MSGSEND = YES;
				ENABLE_TESTABILITY = YES;
				GCC_C_LANGUAGE_STANDARD = gnu11;
				GCC_DYNAMIC_NO_PIC = NO;
				GCC_NO_COMMON_BLOCKS = YES;
				GCC_OPTIMIZATION_LEVEL = 0;
				GCC_PREPROCESSOR_DEFINITIONS = (
					"DEBUG=1",
					"$(inherited)",
				);
				GCC_WARN_64_TO_32_BIT_CONVERSION = YES;
				GCC_WARN_ABOUT_RETURN_TYPE = YES_ERROR;
				GCC_WARN_UNDECLARED_SELECTOR = YES;
				GCC_WARN_UNINITIALIZED_AUTOS = YES_AGGRESSIVE;
				GCC_WARN_UNUSED_FUNCTION = YES;
				GCC_WARN_UNUSED_VARIABLE = YES;
				IPHONEOS_DEPLOYMENT_TARGET = 14.3;
				MTL_ENABLE_DEBUG_INFO = INCLUDE_SOURCE;
				MTL_FAST_MATH = YES;
				ONLY_ACTIVE_ARCH = YES;
				SDKROOT = iphoneos;
				SWIFT_ACTIVE_COMPILATION_CONDITIONS = DEBUG;
				SWIFT_OPTIMIZATION_LEVEL = "-Onone";
			};
			name = Debug;
		};
		A1F9B12725C380F500E21DE4 /* Release */ = {
			isa = XCBuildConfiguration;
			buildSettings = {
				ALWAYS_SEARCH_USER_PATHS = NO;
				CLANG_ANALYZER_NONNULL = YES;
				CLANG_ANALYZER_NUMBER_OBJECT_CONVERSION = YES_AGGRESSIVE;
				CLANG_CXX_LANGUAGE_STANDARD = "gnu++14";
				CLANG_CXX_LIBRARY = "libc++";
				CLANG_ENABLE_MODULES = YES;
				CLANG_ENABLE_OBJC_ARC = YES;
				CLANG_ENABLE_OBJC_WEAK = YES;
				CLANG_WARN_BLOCK_CAPTURE_AUTORELEASING = YES;
				CLANG_WARN_BOOL_CONVERSION = YES;
				CLANG_WARN_COMMA = YES;
				CLANG_WARN_CONSTANT_CONVERSION = YES;
				CLANG_WARN_DEPRECATED_OBJC_IMPLEMENTATIONS = YES;
				CLANG_WARN_DIRECT_OBJC_ISA_USAGE = YES_ERROR;
				CLANG_WARN_DOCUMENTATION_COMMENTS = YES;
				CLANG_WARN_EMPTY_BODY = YES;
				CLANG_WARN_ENUM_CONVERSION = YES;
				CLANG_WARN_INFINITE_RECURSION = YES;
				CLANG_WARN_INT_CONVERSION = YES;
				CLANG_WARN_NON_LITERAL_NULL_CONVERSION = YES;
				CLANG_WARN_OBJC_IMPLICIT_RETAIN_SELF = YES;
				CLANG_WARN_OBJC_LITERAL_CONVERSION = YES;
				CLANG_WARN_OBJC_ROOT_CLASS = YES_ERROR;
				CLANG_WARN_QUOTED_INCLUDE_IN_FRAMEWORK_HEADER = YES;
				CLANG_WARN_RANGE_LOOP_ANALYSIS = YES;
				CLANG_WARN_STRICT_PROTOTYPES = YES;
				CLANG_WARN_SUSPICIOUS_MOVE = YES;
				CLANG_WARN_UNGUARDED_AVAILABILITY = YES_AGGRESSIVE;
				CLANG_WARN_UNREACHABLE_CODE = YES;
				CLANG_WARN__DUPLICATE_METHOD_MATCH = YES;
				COPY_PHASE_STRIP = NO;
				DEBUG_INFORMATION_FORMAT = "dwarf-with-dsym";
				ENABLE_NS_ASSERTIONS = NO;
				ENABLE_STRICT_OBJC_MSGSEND = YES;
				GCC_C_LANGUAGE_STANDARD = gnu11;
				GCC_NO_COMMON_BLOCKS = YES;
				GCC_WARN_64_TO_32_BIT_CONVERSION = YES;
				GCC_WARN_ABOUT_RETURN_TYPE = YES_ERROR;
				GCC_WARN_UNDECLARED_SELECTOR = YES;
				GCC_WARN_UNINITIALIZED_AUTOS = YES_AGGRESSIVE;
				GCC_WARN_UNUSED_FUNCTION = YES;
				GCC_WARN_UNUSED_VARIABLE = YES;
				IPHONEOS_DEPLOYMENT_TARGET = 14.3;
				MTL_ENABLE_DEBUG_INFO = NO;
				MTL_FAST_MATH = YES;
				SDKROOT = iphoneos;
				SWIFT_COMPILATION_MODE = wholemodule;
				SWIFT_OPTIMIZATION_LEVEL = "-O";
				VALIDATE_PRODUCT = YES;
			};
			name = Release;
		};
		A1F9B12925C380F500E21DE4 /* Debug */ = {
			isa = XCBuildConfiguration;
			buildSettings = {
				ASSETCATALOG_COMPILER_APPICON_NAME = AppIcon;
				ASSETCATALOG_COMPILER_GLOBAL_ACCENT_COLOR_NAME = AccentColor;
				CODE_SIGN_IDENTITY = "Apple Development";
				CODE_SIGN_STYLE = Automatic;
				DEVELOPMENT_ASSET_PATHS = "\"BitriseTest/Preview Content\"";
				DEVELOPMENT_TEAM = 72SA8V3WYL;
				ENABLE_PREVIEWS = YES;
				INFOPLIST_FILE = BitriseTest/Info.plist;
				IPHONEOS_DEPLOYMENT_TARGET = 14.0;
				LD_RUNPATH_SEARCH_PATHS = (
					"$(inherited)",
					"@executable_path/Frameworks",
				);
				PRODUCT_BUNDLE_IDENTIFIER = com.bitrise.iosBitriseTest;
				PRODUCT_NAME = "$(TARGET_NAME)";
				PROVISIONING_PROFILE_SPECIFIER = "";
				SWIFT_VERSION = 5.0;
				TARGETED_DEVICE_FAMILY = "1,2";
			};
			name = Debug;
		};
		A1F9B12A25C380F500E21DE4 /* Release */ = {
			isa = XCBuildConfiguration;
			buildSettings = {
				ASSETCATALOG_COMPILER_APPICON_NAME = AppIcon;
				ASSETCATALOG_COMPILER_GLOBAL_ACCENT_COLOR_NAME = AccentColor;
				CODE_SIGN_IDENTITY = "Apple Development";
				CODE_SIGN_STYLE = Automatic;
				DEVELOPMENT_ASSET_PATHS = "\"BitriseTest/Preview Content\"";
				DEVELOPMENT_TEAM = 72SA8V3WYL;
				ENABLE_PREVIEWS = YES;
				INFOPLIST_FILE = BitriseTest/Info.plist;
				IPHONEOS_DEPLOYMENT_TARGET = 14.0;
				LD_RUNPATH_SEARCH_PATHS = (
					"$(inherited)",
					"@executable_path/Frameworks",
				);
				PRODUCT_BUNDLE_IDENTIFIER = com.bitrise.iosBitriseTest;
				PRODUCT_NAME = "$(TARGET_NAME)";
				PROVISIONING_PROFILE_SPECIFIER = "";
				SWIFT_VERSION = 5.0;
				TARGETED_DEVICE_FAMILY = "1,2";
			};
			name = Release;
		};
		A1F9B12C25C380F500E21DE4 /* Debug */ = {
			isa = XCBuildConfiguration;
			buildSettings = {
				ALWAYS_EMBED_SWIFT_STANDARD_LIBRARIES = YES;
				BUNDLE_LOADER = "$(TEST_HOST)";
				CODE_SIGN_IDENTITY = "Apple Development";
				"CODE_SIGN_IDENTITY[sdk=macosx*]" = "Apple Development";
				CODE_SIGN_STYLE = Automatic;
				DEVELOPMENT_TEAM = 72SA8V3WYL;
				INFOPLIST_FILE = BitriseTestTests/Info.plist;
				IPHONEOS_DEPLOYMENT_TARGET = 14.0;
				LD_RUNPATH_SEARCH_PATHS = (
					"$(inherited)",
					"@executable_path/Frameworks",
					"@loader_path/Frameworks",
				);
				PRODUCT_BUNDLE_IDENTIFIER = com.bitrise.test.BitriseTestTests;
				PRODUCT_NAME = "$(TARGET_NAME)";
				PROVISIONING_PROFILE_SPECIFIER = "";
				"PROVISIONING_PROFILE_SPECIFIER[sdk=macosx*]" = "";
				SWIFT_VERSION = 5.0;
				TARGETED_DEVICE_FAMILY = "1,2";
				TEST_HOST = "$(BUILT_PRODUCTS_DIR)/BitriseTest.app/BitriseTest";
			};
			name = Debug;
		};
		A1F9B12D25C380F500E21DE4 /* Release */ = {
			isa = XCBuildConfiguration;
			buildSettings = {
				ALWAYS_EMBED_SWIFT_STANDARD_LIBRARIES = YES;
				BUNDLE_LOADER = "$(TEST_HOST)";
				CODE_SIGN_IDENTITY = "Apple Development";
				"CODE_SIGN_IDENTITY[sdk=macosx*]" = "Apple Development";
				CODE_SIGN_STYLE = Automatic;
				DEVELOPMENT_TEAM = 72SA8V3WYL;
				INFOPLIST_FILE = BitriseTestTests/Info.plist;
				IPHONEOS_DEPLOYMENT_TARGET = 14.0;
				LD_RUNPATH_SEARCH_PATHS = (
					"$(inherited)",
					"@executable_path/Frameworks",
					"@loader_path/Frameworks",
				);
				PRODUCT_BUNDLE_IDENTIFIER = com.bitrise.test.BitriseTestTests;
				PRODUCT_NAME = "$(TARGET_NAME)";
				PROVISIONING_PROFILE_SPECIFIER = "";
				"PROVISIONING_PROFILE_SPECIFIER[sdk=macosx*]" = "";
				SWIFT_VERSION = 5.0;
				TARGETED_DEVICE_FAMILY = "1,2";
				TEST_HOST = "$(BUILT_PRODUCTS_DIR)/BitriseTest.app/BitriseTest";
			};
			name = Release;
		};
		A1F9B12F25C380F500E21DE4 /* Debug */ = {
			isa = XCBuildConfiguration;
			buildSettings = {
				ALWAYS_EMBED_SWIFT_STANDARD_LIBRARIES = YES;
				CODE_SIGN_IDENTITY = "Apple Development";
				"CODE_SIGN_IDENTITY[sdk=macosx*]" = "Apple Development";
				CODE_SIGN_STYLE = Automatic;
				DEVELOPMENT_TEAM = 72SA8V3WYL;
				INFOPLIST_FILE = BitriseTestUITests/Info.plist;
				LD_RUNPATH_SEARCH_PATHS = (
					"$(inherited)",
					"@executable_path/Frameworks",
					"@loader_path/Frameworks",
				);
				PRODUCT_BUNDLE_IDENTIFIER = com.bitrise.test.BitriseTestUITests;
				PRODUCT_NAME = "$(TARGET_NAME)";
				PROVISIONING_PROFILE_SPECIFIER = "";
				"PROVISIONING_PROFILE_SPECIFIER[sdk=macosx*]" = "";
				SWIFT_VERSION = 5.0;
				TARGETED_DEVICE_FAMILY = "1,2";
				TEST_TARGET_NAME = BitriseTest;
			};
			name = Debug;
		};
		A1F9B13025C380F500E21DE4 /* Release */ = {
			isa = XCBuildConfiguration;
			buildSettings = {
				ALWAYS_EMBED_SWIFT_STANDARD_LIBRARIES = YES;
				CODE_SIGN_IDENTITY = "Apple Development";
				"CODE_SIGN_IDENTITY[sdk=macosx*]" = "Apple Development";
				CODE_SIGN_STYLE = Automatic;
				DEVELOPMENT_TEAM = 72SA8V3WYL;
				INFOPLIST_FILE = BitriseTestUITests/Info.plist;
				LD_RUNPATH_SEARCH_PATHS = (
					"$(inherited)",
					"@executable_path/Frameworks",
					"@loader_path/Frameworks",
				);
				PRODUCT_BUNDLE_IDENTIFIER = com.bitrise.test.BitriseTestUITests;
				PRODUCT_NAME = "$(TARGET_NAME)";
				PROVISIONING_PROFILE_SPECIFIER = "";
				"PROVISIONING_PROFILE_SPECIFIER[sdk=macosx*]" = "";
				SWIFT_VERSION = 5.0;
				TARGETED_DEVICE_FAMILY = "1,2";
				TEST_TARGET_NAME = BitriseTest;
			};
			name = Release;
		};
/* End XCBuildConfiguration section */

/* Begin XCConfigurationList section */
		A1F9B0FE25C380F200E21DE4 /* Build configuration list for PBXProject "BitriseTest" */ = {
			isa = XCConfigurationList;
			buildConfigurations = (
				A1F9B12625C380F500E21DE4 /* Debug */,
				A1F9B12725C380F500E21DE4 /* Release */,
			);
			defaultConfigurationIsVisible = 0;
			defaultConfigurationName = Release;
		};
		A1F9B12825C380F500E21DE4 /* Build configuration list for PBXNativeTarget "BitriseTest" */ = {
			isa = XCConfigurationList;
			buildConfigurations = (
				A1F9B12925C380F500E21DE4 /* Debug */,
				A1F9B12A25C380F500E21DE4 /* Release */,
			);
			defaultConfigurationIsVisible = 0;
			defaultConfigurationName = Release;
		};
		A1F9B12B25C380F500E21DE4 /* Build configuration list for PBXNativeTarget "BitriseTestTests" */ = {
			isa = XCConfigurationList;
			buildConfigurations = (
				A1F9B12C25C380F500E21DE4 /* Debug */,
				A1F9B12D25C380F500E21DE4 /* Release */,
			);
			defaultConfigurationIsVisible = 0;
			defaultConfigurationName = Release;
		};
		A1F9B12E25C380F500E21DE4 /* Build configuration list for PBXNativeTarget "BitriseTestUITests" */ = {
			isa = XCConfigurationList;
			buildConfigurations = (
				A1F9B12F25C380F500E21DE4 /* Debug */,
				A1F9B13025C380F500E21DE4 /* Release */,
			);
			defaultConfigurationIsVisible = 0;
			defaultConfigurationName = Release;
		};
/* End XCConfigurationList section */
	};
	rootObject = A1F9B0FB25C380F200E21DE4 /* Project object */;
}
